
Microsoft Visual Studio Solution File, Format Version 12.00
# Visual Studio 15
VisualStudioVersion = 15.0.28307.1382
MinimumVisualStudioVersion = 10.0.40219.1
Project("{8BC9CEB8-8B4A-11D0-8D11-00A0C91BC942}") = "Lab1", "Lab1\Lab1.vcxproj", "{ECDDCC7A-A215-415B-A2C4-EA62023CACFB}"
EndProject
Global
	GlobalSection(SolutionConfigurationPlatforms) = preSolution
		Debug|x64 = Debug|x64
		Debug|x86 = Debug|x86
		Release|x64 = Release|x64
		Release|x86 = Release|x86
	EndGlobalSection
	GlobalSection(ProjectConfigurationPlatforms) = postSolution
		{ECDDCC7A-A215-415B-A2C4-EA62023CACFB}.Debug|x64.ActiveCfg = Debug|x64
		{ECDDCC7A-A215-415B-A2C4-EA62023CACFB}.Debug|x64.Build.0 = Debug|x64
		{ECDDCC7A-A215-415B-A2C4-EA62023CACFB}.Debug|x86.ActiveCfg = Debug|Win32
		{ECDDCC7A-A215-415B-A2C4-EA62023CACFB}.Debug|x86.Build.0 = Debug|Win32
		{ECDDCC7A-A215-415B-A2C4-EA62023CACFB}.Release|x64.ActiveCfg = Release|x64
		{ECDDCC7A-A215-415B-A2C4-EA62023CACFB}.Release|x64.Build.0 = Release|x64
		{ECDDCC7A-A215-415B-A2C4-EA62023CACFB}.Release|x86.ActiveCfg = Release|Win32
		{ECDDCC7A-A215-415B-A2C4-EA62023CACFB}.Release|x86.Build.0 = Release|Win32
	EndGlobalSection
	GlobalSection(SolutionProperties) = preSolution
		HideSolutionNode = FALSE
	EndGlobalSection
	GlobalSection(ExtensibilityGlobals) = postSolution
		SolutionGuid = {0719A6A0-3F74-4315-A83B-AEC0DF78DDBF}
	EndGlobalSection
EndGlobal
